
Microsoft Visual Studio Solution File, Format Version 12.00
Project("{FAE04EC0-301F-11D3-BF4B-00C04F79EFBC}") = "GalleryOfLuna.Philomena", "src\GalleryOfLuna.Philomena\GalleryOfLuna.Philomena.csproj", "{84F45B19-E146-498D-9EFD-D43736B4159A}"
EndProject
Project("{FAE04EC0-301F-11D3-BF4B-00C04F79EFBC}") = "GalleryOfLuna.Philomena.Tests", "tests\GalleryOfLuna.Philomena.Tests\GalleryOfLuna.Philomena.Tests.csproj", "{5C12E934-D444-493E-9247-278C99D10B64}"
EndProject
Global
	GlobalSection(SolutionConfigurationPlatforms) = preSolution
		Debug|Any CPU = Debug|Any CPU
		Release|Any CPU = Release|Any CPU
	EndGlobalSection
	GlobalSection(ProjectConfigurationPlatforms) = postSolution
		{84F45B19-E146-498D-9EFD-D43736B4159A}.Debug|Any CPU.ActiveCfg = Debug|Any CPU
		{84F45B19-E146-498D-9EFD-D43736B4159A}.Debug|Any CPU.Build.0 = Debug|Any CPU
		{84F45B19-E146-498D-9EFD-D43736B4159A}.Release|Any CPU.ActiveCfg = Release|Any CPU
		{84F45B19-E146-498D-9EFD-D43736B4159A}.Release|Any CPU.Build.0 = Release|Any CPU
		{5C12E934-D444-493E-9247-278C99D10B64}.Debug|Any CPU.ActiveCfg = Debug|Any CPU
		{5C12E934-D444-493E-9247-278C99D10B64}.Debug|Any CPU.Build.0 = Debug|Any CPU
		{5C12E934-D444-493E-9247-278C99D10B64}.Release|Any CPU.ActiveCfg = Release|Any CPU
		{5C12E934-D444-493E-9247-278C99D10B64}.Release|Any CPU.Build.0 = Release|Any CPU
	EndGlobalSection
EndGlobal
